
Microsoft Visual Studio Solution File, Format Version 12.00
# Visual Studio Version 16
VisualStudioVersion = 16.0.29609.76
MinimumVisualStudioVersion = 10.0.40219.1
Project("{FAE04EC0-301F-11D3-BF4B-00C04F79EFBC}") = "LCSwapNodesInPairs", "LCSwapNodesInPairs\LCSwapNodesInPairs.csproj", "{15AFD9C0-AEBD-4FB2-8917-CF1877E762AA}"
EndProject
Global
	GlobalSection(SolutionConfigurationPlatforms) = preSolution
		Debug|Any CPU = Debug|Any CPU
		Release|Any CPU = Release|Any CPU
	EndGlobalSection
	GlobalSection(ProjectConfigurationPlatforms) = postSolution
		{15AFD9C0-AEBD-4FB2-8917-CF1877E762AA}.Debug|Any CPU.ActiveCfg = Debug|Any CPU
		{15AFD9C0-AEBD-4FB2-8917-CF1877E762AA}.Debug|Any CPU.Build.0 = Debug|Any CPU
		{15AFD9C0-AEBD-4FB2-8917-CF1877E762AA}.Release|Any CPU.ActiveCfg = Release|Any CPU
		{15AFD9C0-AEBD-4FB2-8917-CF1877E762AA}.Release|Any CPU.Build.0 = Release|Any CPU
	EndGlobalSection
	GlobalSection(SolutionProperties) = preSolution
		HideSolutionNode = FALSE
	EndGlobalSection
	GlobalSection(ExtensibilityGlobals) = postSolution
		SolutionGuid = {7C4B7798-AEF0-4CA3-B2FC-846B40673B0B}
	EndGlobalSection
EndGlobal
